// !$*UTF8*$!
{
	archiveVersion = 1;
	classes = {
	};
	objectVersion = 77;
	objects = {

/* Begin PBXBuildFile section */
		E89F20B22DFFA37500C488EF /* ContentView.swift in Sources */ = {isa = PBXBuildFile; fileRef = E89F20AF2DFFA37500C488EF /* ContentView.swift */; };
		E89F20B32DFFA37500C488EF /* HogApp.swift in Sources */ = {isa = PBXBuildFile; fileRef = E89F20B02DFFA37500C488EF /* HogApp.swift */; };
		E89F20B42DFFA37500C488EF /* Assets.xcassets in Resources */ = {isa = PBXBuildFile; fileRef = E89F20AE2DFFA37500C488EF /* Assets.xcassets */; };
		E89F20B62DFFA70300C488EF /* TurnConfigView.swift in Sources */ = {isa = PBXBuildFile; fileRef = E89F20B52DFFA70300C488EF /* TurnConfigView.swift */; };
		E89F20B82DFFA97A00C488EF /* DicesView.swift in Sources */ = {isa = PBXBuildFile; fileRef = E89F20B72DFFA97A00C488EF /* DicesView.swift */; };
		E89F20BA2DFFA9AA00C488EF /* Dice.swift in Sources */ = {isa = PBXBuildFile; fileRef = E89F20B92DFFA9AA00C488EF /* Dice.swift */; };
		E89F20DC2E02AC8500C488EF /* GameManager.swift in Sources */ = {isa = PBXBuildFile; fileRef = E89F20DB2E02AC8500C488EF /* GameManager.swift */; };
		E89F20DE2E02B83000C488EF /* WinnerView.swift in Sources */ = {isa = PBXBuildFile; fileRef = E89F20DD2E02B83000C488EF /* WinnerView.swift */; };
/* End PBXBuildFile section */

/* Begin PBXFileReference section */
		E89F20A02DFEA52800C488EF /* Hog.app */ = {isa = PBXFileReference; explicitFileType = wrapper.application; includeInIndex = 0; path = Hog.app; sourceTree = BUILT_PRODUCTS_DIR; };
		E89F20AE2DFFA37500C488EF /* Assets.xcassets */ = {isa = PBXFileReference; lastKnownFileType = folder.assetcatalog; path = Assets.xcassets; sourceTree = "<group>"; };
		E89F20AF2DFFA37500C488EF /* ContentView.swift */ = {isa = PBXFileReference; lastKnownFileType = sourcecode.swift; path = ContentView.swift; sourceTree = "<group>"; };
		E89F20B02DFFA37500C488EF /* HogApp.swift */ = {isa = PBXFileReference; lastKnownFileType = sourcecode.swift; path = HogApp.swift; sourceTree = "<group>"; };
		E89F20B52DFFA70300C488EF /* TurnConfigView.swift */ = {isa = PBXFileReference; lastKnownFileType = sourcecode.swift; path = TurnConfigView.swift; sourceTree = "<group>"; };
		E89F20B72DFFA97A00C488EF /* DicesView.swift */ = {isa = PBXFileReference; lastKnownFileType = sourcecode.swift; path = DicesView.swift; sourceTree = "<group>"; };
		E89F20B92DFFA9AA00C488EF /* Dice.swift */ = {isa = PBXFileReference; lastKnownFileType = sourcecode.swift; path = Dice.swift; sourceTree = "<group>"; };
		E89F20DB2E02AC8500C488EF /* GameManager.swift */ = {isa = PBXFileReference; lastKnownFileType = sourcecode.swift; path = GameManager.swift; sourceTree = "<group>"; };
		E89F20DD2E02B83000C488EF /* WinnerView.swift */ = {isa = PBXFileReference; lastKnownFileType = sourcecode.swift; path = WinnerView.swift; sourceTree = "<group>"; };
/* End PBXFileReference section */

/* Begin PBXFrameworksBuildPhase section */
		E89F209D2DFEA52800C488EF /* Frameworks */ = {
			isa = PBXFrameworksBuildPhase;
			buildActionMask = 2147483647;
			files = (
			);
			runOnlyForDeploymentPostprocessing = 0;
		};
/* End PBXFrameworksBuildPhase section */

/* Begin PBXGroup section */
		E89F20972DFEA52700C488EF = {
			isa = PBXGroup;
			children = (
				E89F20B12DFFA37500C488EF /* Hog */,
				E89F20A12DFEA52800C488EF /* Products */,
			);
			sourceTree = "<group>";
		};
		E89F20A12DFEA52800C488EF /* Products */ = {
			isa = PBXGroup;
			children = (
				E89F20A02DFEA52800C488EF /* Hog.app */,
			);
			name = Products;
			sourceTree = "<group>";
		};
		E89F20B12DFFA37500C488EF /* Hog */ = {
			isa = PBXGroup;
			children = (
				E89F20B02DFFA37500C488EF /* HogApp.swift */,
				E89F20B92DFFA9AA00C488EF /* Dice.swift */,
				E89F20DB2E02AC8500C488EF /* GameManager.swift */,
				E89F20AF2DFFA37500C488EF /* ContentView.swift */,
				E89F20B52DFFA70300C488EF /* TurnConfigView.swift */,
				E89F20DD2E02B83000C488EF /* WinnerView.swift */,
				E89F20B72DFFA97A00C488EF /* DicesView.swift */,
				E89F20AE2DFFA37500C488EF /* Assets.xcassets */,
			);
			path = Hog;
			sourceTree = "<group>";
		};
/* End PBXGroup section */

/* Begin PBXNativeTarget section */
		E89F209F2DFEA52800C488EF /* Hog */ = {
			isa = PBXNativeTarget;
			buildConfigurationList = E89F20AB2DFEA52900C488EF /* Build configuration list for PBXNativeTarget "Hog" */;
			buildPhases = (
				E89F209C2DFEA52800C488EF /* Sources */,
				E89F209D2DFEA52800C488EF /* Frameworks */,
				E89F209E2DFEA52800C488EF /* Resources */,
			);
			buildRules = (
			);
			dependencies = (
			);
			name = Hog;
			packageProductDependencies = (
			);
			productName = Hog;
			productReference = E89F20A02DFEA52800C488EF /* Hog.app */;
			productType = "com.apple.product-type.application";
		};
/* End PBXNativeTarget section */

/* Begin PBXProject section */
		E89F20982DFEA52700C488EF /* Project object */ = {
			isa = PBXProject;
			attributes = {
				BuildIndependentTargetsInParallel = 1;
				LastSwiftUpdateCheck = 1640;
				LastUpgradeCheck = 1640;
				TargetAttributes = {
					E89F209F2DFEA52800C488EF = {
						CreatedOnToolsVersion = 16.4;
					};
				};
			};
			buildConfigurationList = E89F209B2DFEA52700C488EF /* Build configuration list for PBXProject "Hog" */;
			developmentRegion = en;
			hasScannedForEncodings = 0;
			knownRegions = (
				en,
				Base,
			);
			mainGroup = E89F20972DFEA52700C488EF;
			minimizedProjectReferenceProxies = 1;
			preferredProjectObjectVersion = 77;
			productRefGroup = E89F20A12DFEA52800C488EF /* Products */;
			projectDirPath = "";
			projectRoot = "";
			targets = (
				E89F209F2DFEA52800C488EF /* Hog */,
			);
		};
/* End PBXProject section */

/* Begin PBXResourcesBuildPhase section */
		E89F209E2DFEA52800C488EF /* Resources */ = {
			isa = PBXResourcesBuildPhase;
			buildActionMask = 2147483647;
			files = (
				E89F20B42DFFA37500C488EF /* Assets.xcassets in Resources */,
			);
			runOnlyForDeploymentPostprocessing = 0;
		};
/* End PBXResourcesBuildPhase section */

/* Begin PBXSourcesBuildPhase section */
		E89F209C2DFEA52800C488EF /* Sources */ = {
			isa = PBXSourcesBuildPhase;
			buildActionMask = 2147483647;
			files = (
				E89F20B62DFFA70300C488EF /* TurnConfigView.swift in Sources */,
				E89F20DE2E02B83000C488EF /* WinnerView.swift in Sources */,
				E89F20DC2E02AC8500C488EF /* GameManager.swift in Sources */,
				E89F20B82DFFA97A00C488EF /* DicesView.swift in Sources */,
				E89F20BA2DFFA9AA00C488EF /* Dice.swift in Sources */,
				E89F20B22DFFA37500C488EF /* ContentView.swift in Sources */,
				E89F20B32DFFA37500C488EF /* HogApp.swift in Sources */,
			);
			runOnlyForDeploymentPostprocessing = 0;
		};
/* End PBXSourcesBuildPhase section */

/* Begin XCBuildConfiguration section */
		E89F20A92DFEA52900C488EF /* Debug */ = {
			isa = XCBuildConfiguration;
			buildSettings = {
				ALWAYS_SEARCH_USER_PATHS = NO;
				ASSETCATALOG_COMPILER_GENERATE_SWIFT_ASSET_SYMBOL_EXTENSIONS = YES;
				CLANG_ANALYZER_NONNULL = YES;
				CLANG_ANALYZER_NUMBER_OBJECT_CONVERSION = YES_AGGRESSIVE;
				CLANG_CXX_LANGUAGE_STANDARD = "gnu++20";
				CLANG_ENABLE_MODULES = YES;
				CLANG_ENABLE_OBJC_ARC = YES;
				CLANG_ENABLE_OBJC_WEAK = YES;
				CLANG_WARN_BLOCK_CAPTURE_AUTORELEASING = YES;
				CLANG_WARN_BOOL_CONVERSION = YES;
				CLANG_WARN_COMMA = YES;
				CLANG_WARN_CONSTANT_CONVERSION = YES;
				CLANG_WARN_DEPRECATED_OBJC_IMPLEMENTATIONS = YES;
				CLANG_WARN_DIRECT_OBJC_ISA_USAGE = YES_ERROR;
				CLANG_WARN_DOCUMENTATION_COMMENTS = YES;
				CLANG_WARN_EMPTY_BODY = YES;
				CLANG_WARN_ENUM_CONVERSION = YES;
				CLANG_WARN_INFINITE_RECURSION = YES;
				CLANG_WARN_INT_CONVERSION = YES;
				CLANG_WARN_NON_LITERAL_NULL_CONVERSION = YES;
				CLANG_WARN_OBJC_IMPLICIT_RETAIN_SELF = YES;
				CLANG_WARN_OBJC_LITERAL_CONVERSION = YES;
				CLANG_WARN_OBJC_ROOT_CLASS = YES_ERROR;
				CLANG_WARN_QUOTED_INCLUDE_IN_FRAMEWORK_HEADER = YES;
				CLANG_WARN_RANGE_LOOP_ANALYSIS = YES;
				CLANG_WARN_STRICT_PROTOTYPES = YES;
				CLANG_WARN_SUSPICIOUS_MOVE = YES;
				CLANG_WARN_UNGUARDED_AVAILABILITY = YES_AGGRESSIVE;
				CLANG_WARN_UNREACHABLE_CODE = YES;
				CLANG_WARN__DUPLICATE_METHOD_MATCH = YES;
				COPY_PHASE_STRIP = NO;
				DEBUG_INFORMATION_FORMAT = dwarf;
				DEVELOPMENT_TEAM = 2XN7A3Y7GG;
				ENABLE_STRICT_OBJC_MSGSEND = YES;
				ENABLE_TESTABILITY = YES;
				ENABLE_USER_SCRIPT_SANDBOXING = YES;
				GCC_C_LANGUAGE_STANDARD = gnu17;
				GCC_DYNAMIC_NO_PIC = NO;
				GCC_NO_COMMON_BLOCKS = YES;
				GCC_OPTIMIZATION_LEVEL = 0;
				GCC_PREPROCESSOR_DEFINITIONS = (
					"DEBUG=1",
					"$(inherited)",
				);
				GCC_WARN_64_TO_32_BIT_CONVERSION = YES;
				GCC_WARN_ABOUT_RETURN_TYPE = YES_ERROR;
				GCC_WARN_UNDECLARED_SELECTOR = YES;
				GCC_WARN_UNINITIALIZED_AUTOS = YES_AGGRESSIVE;
				GCC_WARN_UNUSED_FUNCTION = YES;
				GCC_WARN_UNUSED_VARIABLE = YES;
				IPHONEOS_DEPLOYMENT_TARGET = 18.5;
				LOCALIZATION_PREFERS_STRING_CATALOGS = YES;
				MTL_ENABLE_DEBUG_INFO = INCLUDE_SOURCE;
				MTL_FAST_MATH = YES;
				ONLY_ACTIVE_ARCH = YES;
				SDKROOT = iphoneos;
				SWIFT_ACTIVE_COMPILATION_CONDITIONS = "DEBUG $(inherited)";
				SWIFT_OPTIMIZATION_LEVEL = "-Onone";
			};
			name = Debug;
		};
		E89F20AA2DFEA52900C488EF /* Release */ = {
			isa = XCBuildConfiguration;
			buildSettings = {
				ALWAYS_SEARCH_USER_PATHS = NO;
				ASSETCATALOG_COMPILER_GENERATE_SWIFT_ASSET_SYMBOL_EXTENSIONS = YES;
				CLANG_ANALYZER_NONNULL = YES;
				CLANG_ANALYZER_NUMBER_OBJECT_CONVERSION = YES_AGGRESSIVE;
				CLANG_CXX_LANGUAGE_STANDARD = "gnu++20";
				CLANG_ENABLE_MODULES = YES;
				CLANG_ENABLE_OBJC_ARC = YES;
				CLANG_ENABLE_OBJC_WEAK = YES;
				CLANG_WARN_BLOCK_CAPTURE_AUTORELEASING = YES;
				CLANG_WARN_BOOL_CONVERSION = YES;
				CLANG_WARN_COMMA = YES;
				CLANG_WARN_CONSTANT_CONVERSION = YES;
				CLANG_WARN_DEPRECATED_OBJC_IMPLEMENTATIONS = YES;
				CLANG_WARN_DIRECT_OBJC_ISA_USAGE = YES_ERROR;
				CLANG_WARN_DOCUMENTATION_COMMENTS = YES;
				CLANG_WARN_EMPTY_BODY = YES;
				CLANG_WARN_ENUM_CONVERSION = YES;
				CLANG_WARN_INFINITE_RECURSION = YES;
				CLANG_WARN_INT_CONVERSION = YES;
				CLANG_WARN_NON_LITERAL_NULL_CONVERSION = YES;
				CLANG_WARN_OBJC_IMPLICIT_RETAIN_SELF = YES;
				CLANG_WARN_OBJC_LITERAL_CONVERSION = YES;
				CLANG_WARN_OBJC_ROOT_CLASS = YES_ERROR;
				CLANG_WARN_QUOTED_INCLUDE_IN_FRAMEWORK_HEADER = YES;
				CLANG_WARN_RANGE_LOOP_ANALYSIS = YES;
				CLANG_WARN_STRICT_PROTOTYPES = YES;
				CLANG_WARN_SUSPICIOUS_MOVE = YES;
				CLANG_WARN_UNGUARDED_AVAILABILITY = YES_AGGRESSIVE;
				CLANG_WARN_UNREACHABLE_CODE = YES;
				CLANG_WARN__DUPLICATE_METHOD_MATCH = YES;
				COPY_PHASE_STRIP = NO;
				DEBUG_INFORMATION_FORMAT = "dwarf-with-dsym";
				DEVELOPMENT_TEAM = 2XN7A3Y7GG;
				ENABLE_NS_ASSERTIONS = NO;
				ENABLE_STRICT_OBJC_MSGSEND = YES;
				ENABLE_USER_SCRIPT_SANDBOXING = YES;
				GCC_C_LANGUAGE_STANDARD = gnu17;
				GCC_NO_COMMON_BLOCKS = YES;
				GCC_WARN_64_TO_32_BIT_CONVERSION = YES;
				GCC_WARN_ABOUT_RETURN_TYPE = YES_ERROR;
				GCC_WARN_UNDECLARED_SELECTOR = YES;
				GCC_WARN_UNINITIALIZED_AUTOS = YES_AGGRESSIVE;
				GCC_WARN_UNUSED_FUNCTION = YES;
				GCC_WARN_UNUSED_VARIABLE = YES;
				IPHONEOS_DEPLOYMENT_TARGET = 18.5;
				LOCALIZATION_PREFERS_STRING_CATALOGS = YES;
				MTL_ENABLE_DEBUG_INFO = NO;
				MTL_FAST_MATH = YES;
				SDKROOT = iphoneos;
				SWIFT_COMPILATION_MODE = wholemodule;
				VALIDATE_PRODUCT = YES;
			};
			name = Release;
		};
		E89F20AC2DFEA52900C488EF /* Debug */ = {
			isa = XCBuildConfiguration;
			buildSettings = {
				ASSETCATALOG_COMPILER_APPICON_NAME = AppIcon;
				ASSETCATALOG_COMPILER_GLOBAL_ACCENT_COLOR_NAME = AccentColor;
				CODE_SIGN_STYLE = Automatic;
				CURRENT_PROJECT_VERSION = 1;
				DEVELOPMENT_TEAM = 2XN7A3Y7GG;
				ENABLE_PREVIEWS = YES;
				GENERATE_INFOPLIST_FILE = YES;
				INFOPLIST_KEY_UIApplicationSceneManifest_Generation = YES;
				INFOPLIST_KEY_UIApplicationSupportsIndirectInputEvents = YES;
				INFOPLIST_KEY_UILaunchScreen_Generation = YES;
				INFOPLIST_KEY_UISupportedInterfaceOrientations_iPad = "UIInterfaceOrientationPortrait UIInterfaceOrientationPortraitUpsideDown UIInterfaceOrientationLandscapeLeft UIInterfaceOrientationLandscapeRight";
				INFOPLIST_KEY_UISupportedInterfaceOrientations_iPhone = "UIInterfaceOrientationPortrait UIInterfaceOrientationLandscapeLeft UIInterfaceOrientationLandscapeRight";
				LD_RUNPATH_SEARCH_PATHS = (
					"$(inherited)",
					"@executable_path/Frameworks",
				);
				MARKETING_VERSION = 1.0;
				PRODUCT_BUNDLE_IDENTIFIER = justinwong.Hog;
				PRODUCT_NAME = "$(TARGET_NAME)";
				SWIFT_EMIT_LOC_STRINGS = YES;
				SWIFT_VERSION = 5.0;
				TARGETED_DEVICE_FAMILY = "1,2";
			};
			name = Debug;
		};
		E89F20AD2DFEA52900C488EF /* Release */ = {
			isa = XCBuildConfiguration;
			buildSettings = {
				ASSETCATALOG_COMPILER_APPICON_NAME = AppIcon;
				ASSETCATALOG_COMPILER_GLOBAL_ACCENT_COLOR_NAME = AccentColor;
				CODE_SIGN_STYLE = Automatic;
				CURRENT_PROJECT_VERSION = 1;
				DEVELOPMENT_TEAM = 2XN7A3Y7GG;
				ENABLE_PREVIEWS = YES;
				GENERATE_INFOPLIST_FILE = YES;
				INFOPLIST_KEY_UIApplicationSceneManifest_Generation = YES;
				INFOPLIST_KEY_UIApplicationSupportsIndirectInputEvents = YES;
				INFOPLIST_KEY_UILaunchScreen_Generation = YES;
				INFOPLIST_KEY_UISupportedInterfaceOrientations_iPad = "UIInterfaceOrientationPortrait UIInterfaceOrientationPortraitUpsideDown UIInterfaceOrientationLandscapeLeft UIInterfaceOrientationLandscapeRight";
				INFOPLIST_KEY_UISupportedInterfaceOrientations_iPhone = "UIInterfaceOrientationPortrait UIInterfaceOrientationLandscapeLeft UIInterfaceOrientationLandscapeRight";
				LD_RUNPATH_SEARCH_PATHS = (
					"$(inherited)",
					"@executable_path/Frameworks",
				);
				MARKETING_VERSION = 1.0;
				PRODUCT_BUNDLE_IDENTIFIER = justinwong.Hog;
				PRODUCT_NAME = "$(TARGET_NAME)";
				SWIFT_EMIT_LOC_STRINGS = YES;
				SWIFT_VERSION = 5.0;
				TARGETED_DEVICE_FAMILY = "1,2";
			};
			name = Release;
		};
/* End XCBuildConfiguration section */

/* Begin XCConfigurationList section */
		E89F209B2DFEA52700C488EF /* Build configuration list for PBXProject "Hog" */ = {
			isa = XCConfigurationList;
			buildConfigurations = (
				E89F20A92DFEA52900C488EF /* Debug */,
				E89F20AA2DFEA52900C488EF /* Release */,
			);
			defaultConfigurationIsVisible = 0;
			defaultConfigurationName = Release;
		};
		E89F20AB2DFEA52900C488EF /* Build configuration list for PBXNativeTarget "Hog" */ = {
			isa = XCConfigurationList;
			buildConfigurations = (
				E89F20AC2DFEA52900C488EF /* Debug */,
				E89F20AD2DFEA52900C488EF /* Release */,
			);
			defaultConfigurationIsVisible = 0;
			defaultConfigurationName = Release;
		};
/* End XCConfigurationList section */
	};
	rootObject = E89F20982DFEA52700C488EF /* Project object */;
}
